// !$*UTF8*$!
{
	archiveVersion = 1;
	classes = {
	};
	objectVersion = 46;
	objects = {

/* Begin PBXBuildFile section */
		368FB0111C47EBB500F37B6F /* AppDelegate.swift in Sources */ = {isa = PBXBuildFile; fileRef = 368FB0101C47EBB500F37B6F /* AppDelegate.swift */; };
		368FB0131C47EBB600F37B6F /* ViewController.swift in Sources */ = {isa = PBXBuildFile; fileRef = 368FB0121C47EBB600F37B6F /* ViewController.swift */; };
		368FB0161C47EBB600F37B6F /* Main.storyboard in Resources */ = {isa = PBXBuildFile; fileRef = 368FB0141C47EBB600F37B6F /* Main.storyboard */; };
		368FB0181C47EBB600F37B6F /* Assets.xcassets in Resources */ = {isa = PBXBuildFile; fileRef = 368FB0171C47EBB600F37B6F /* Assets.xcassets */; };
		368FB01B1C47EBB600F37B6F /* LaunchScreen.storyboard in Resources */ = {isa = PBXBuildFile; fileRef = 368FB0191C47EBB600F37B6F /* LaunchScreen.storyboard */; };
		368FB0231C47EC7700F37B6F /* CustomCell.swift in Sources */ = {isa = PBXBuildFile; fileRef = 368FB0221C47EC7700F37B6F /* CustomCell.swift */; };
		368FB0251C47EDE200F37B6F /* iphone.png in Resources */ = {isa = PBXBuildFile; fileRef = 368FB0241C47EDE200F37B6F /* iphone.png */; };
		368FB0271C47F11000F37B6F /* NotificationBannerView.swift in Sources */ = {isa = PBXBuildFile; fileRef = 368FB0261C47F11000F37B6F /* NotificationBannerView.swift */; };
/* End PBXBuildFile section */

/* Begin PBXFileReference section */
		368FB00D1C47EBB500F37B6F /* NotificationBannerView.app */ = {isa = PBXFileReference; explicitFileType = wrapper.application; includeInIndex = 0; path = NotificationBannerView.app; sourceTree = BUILT_PRODUCTS_DIR; };
		368FB0101C47EBB500F37B6F /* AppDelegate.swift */ = {isa = PBXFileReference; lastKnownFileType = sourcecode.swift; path = AppDelegate.swift; sourceTree = "<group>"; };
		368FB0121C47EBB600F37B6F /* ViewController.swift */ = {isa = PBXFileReference; lastKnownFileType = sourcecode.swift; path = ViewController.swift; sourceTree = "<group>"; };
		368FB0151C47EBB600F37B6F /* Base */ = {isa = PBXFileReference; lastKnownFileType = file.storyboard; name = Base; path = Base.lproj/Main.storyboard; sourceTree = "<group>"; };
		368FB0171C47EBB600F37B6F /* Assets.xcassets */ = {isa = PBXFileReference; lastKnownFileType = folder.assetcatalog; path = Assets.xcassets; sourceTree = "<group>"; };
		368FB01A1C47EBB600F37B6F /* Base */ = {isa = PBXFileReference; lastKnownFileType = file.storyboard; name = Base; path = Base.lproj/LaunchScreen.storyboard; sourceTree = "<group>"; };
		368FB01C1C47EBB600F37B6F /* Info.plist */ = {isa = PBXFileReference; lastKnownFileType = text.plist.xml; path = Info.plist; sourceTree = "<group>"; };
		368FB0221C47EC7700F37B6F /* CustomCell.swift */ = {isa = PBXFileReference; fileEncoding = 4; lastKnownFileType = sourcecode.swift; path = CustomCell.swift; sourceTree = "<group>"; };
		368FB0241C47EDE200F37B6F /* iphone.png */ = {isa = PBXFileReference; lastKnownFileType = image.png; path = iphone.png; sourceTree = "<group>"; };
		368FB0261C47F11000F37B6F /* NotificationBannerView.swift */ = {isa = PBXFileReference; fileEncoding = 4; lastKnownFileType = sourcecode.swift; path = NotificationBannerView.swift; sourceTree = "<group>"; };
		368FB0281C47FDCD00F37B6F /* NotificationBannerView-Bridging-Header.h */ = {isa = PBXFileReference; lastKnownFileType = sourcecode.c.h; path = "NotificationBannerView-Bridging-Header.h"; sourceTree = "<group>"; };
/* End PBXFileReference section */

/* Begin PBXFrameworksBuildPhase section */
		368FB00A1C47EBB500F37B6F /* Frameworks */ = {
			isa = PBXFrameworksBuildPhase;
			buildActionMask = 2147483647;
			files = (
			);
			runOnlyForDeploymentPostprocessing = 0;
		};
/* End PBXFrameworksBuildPhase section */

/* Begin PBXGroup section */
		368FB0041C47EBB500F37B6F = {
			isa = PBXGroup;
			children = (
				368FB00F1C47EBB500F37B6F /* NotificationBannerView */,
				368FB00E1C47EBB500F37B6F /* Products */,
			);
			sourceTree = "<group>";
		};
		368FB00E1C47EBB500F37B6F /* Products */ = {
			isa = PBXGroup;
			children = (
				368FB00D1C47EBB500F37B6F /* NotificationBannerView.app */,
			);
			name = Products;
			sourceTree = "<group>";
		};
		368FB00F1C47EBB500F37B6F /* NotificationBannerView */ = {
			isa = PBXGroup;
			children = (
				368FB0101C47EBB500F37B6F /* AppDelegate.swift */,
				368FB0121C47EBB600F37B6F /* ViewController.swift */,
				368FB0221C47EC7700F37B6F /* CustomCell.swift */,
				368FB0261C47F11000F37B6F /* NotificationBannerView.swift */,
				368FB0241C47EDE200F37B6F /* iphone.png */,
				368FB0141C47EBB600F37B6F /* Main.storyboard */,
				368FB0171C47EBB600F37B6F /* Assets.xcassets */,
				368FB0191C47EBB600F37B6F /* LaunchScreen.storyboard */,
				368FB01C1C47EBB600F37B6F /* Info.plist */,
				368FB0281C47FDCD00F37B6F /* NotificationBannerView-Bridging-Header.h */,
			);
			path = NotificationBannerView;
			sourceTree = "<group>";
		};
/* End PBXGroup section */

/* Begin PBXNativeTarget section */
		368FB00C1C47EBB500F37B6F /* NotificationBannerView */ = {
			isa = PBXNativeTarget;
			buildConfigurationList = 368FB01F1C47EBB600F37B6F /* Build configuration list for PBXNativeTarget "NotificationBannerView" */;
			buildPhases = (
				368FB0091C47EBB500F37B6F /* Sources */,
				368FB00A1C47EBB500F37B6F /* Frameworks */,
				368FB00B1C47EBB500F37B6F /* Resources */,
			);
			buildRules = (
			);
			dependencies = (
			);
			name = NotificationBannerView;
			productName = NotificationBannerView;
			productReference = 368FB00D1C47EBB500F37B6F /* NotificationBannerView.app */;
			productType = "com.apple.product-type.application";
		};
/* End PBXNativeTarget section */

/* Begin PBXProject section */
		368FB0051C47EBB500F37B6F /* Project object */ = {
			isa = PBXProject;
			attributes = {
				LastSwiftUpdateCheck = 0720;
				LastUpgradeCheck = 0720;
				ORGANIZATIONNAME = KentarOu;
				TargetAttributes = {
					368FB00C1C47EBB500F37B6F = {
						CreatedOnToolsVersion = 7.2;
					};
				};
			};
			buildConfigurationList = 368FB0081C47EBB500F37B6F /* Build configuration list for PBXProject "NotificationBannerView" */;
			compatibilityVersion = "Xcode 3.2";
			developmentRegion = English;
			hasScannedForEncodings = 0;
			knownRegions = (
				en,
				Base,
			);
			mainGroup = 368FB0041C47EBB500F37B6F;
			productRefGroup = 368FB00E1C47EBB500F37B6F /* Products */;
			projectDirPath = "";
			projectRoot = "";
			targets = (
				368FB00C1C47EBB500F37B6F /* NotificationBannerView */,
			);
		};
/* End PBXProject section */

/* Begin PBXResourcesBuildPhase section */
		368FB00B1C47EBB500F37B6F /* Resources */ = {
			isa = PBXResourcesBuildPhase;
			buildActionMask = 2147483647;
			files = (
				368FB0251C47EDE200F37B6F /* iphone.png in Resources */,
				368FB01B1C47EBB600F37B6F /* LaunchScreen.storyboard in Resources */,
				368FB0181C47EBB600F37B6F /* Assets.xcassets in Resources */,
				368FB0161C47EBB600F37B6F /* Main.storyboard in Resources */,
			);
			runOnlyForDeploymentPostprocessing = 0;
		};
/* End PBXResourcesBuildPhase section */

/* Begin PBXSourcesBuildPhase section */
		368FB0091C47EBB500F37B6F /* Sources */ = {
			isa = PBXSourcesBuildPhase;
			buildActionMask = 2147483647;
			files = (
				368FB0131C47EBB600F37B6F /* ViewController.swift in Sources */,
				368FB0231C47EC7700F37B6F /* CustomCell.swift in Sources */,
				368FB0111C47EBB500F37B6F /* AppDelegate.swift in Sources */,
				368FB0271C47F11000F37B6F /* NotificationBannerView.swift in Sources */,
			);
			runOnlyForDeploymentPostprocessing = 0;
		};
/* End PBXSourcesBuildPhase section */

/* Begin PBXVariantGroup section */
		368FB0141C47EBB600F37B6F /* Main.storyboard */ = {
			isa = PBXVariantGroup;
			children = (
				368FB0151C47EBB600F37B6F /* Base */,
			);
			name = Main.storyboard;
			sourceTree = "<group>";
		};
		368FB0191C47EBB600F37B6F /* LaunchScreen.storyboard */ = {
			isa = PBXVariantGroup;
			children = (
				368FB01A1C47EBB600F37B6F /* Base */,
			);
			name = LaunchScreen.storyboard;
			sourceTree = "<group>";
		};
/* End PBXVariantGroup section */

/* Begin XCBuildConfiguration section */
		368FB01D1C47EBB600F37B6F /* Debug */ = {
			isa = XCBuildConfiguration;
			buildSettings = {
				ALWAYS_SEARCH_USER_PATHS = NO;
				CLANG_CXX_LANGUAGE_STANDARD = "gnu++0x";
				CLANG_CXX_LIBRARY = "libc++";
				CLANG_ENABLE_MODULES = YES;
				CLANG_ENABLE_OBJC_ARC = YES;
				CLANG_WARN_BOOL_CONVERSION = YES;
				CLANG_WARN_CONSTANT_CONVERSION = YES;
				CLANG_WARN_DIRECT_OBJC_ISA_USAGE = YES_ERROR;
				CLANG_WARN_EMPTY_BODY = YES;
				CLANG_WARN_ENUM_CONVERSION = YES;
				CLANG_WARN_INT_CONVERSION = YES;
				CLANG_WARN_OBJC_ROOT_CLASS = YES_ERROR;
				CLANG_WARN_UNREACHABLE_CODE = YES;
				CLANG_WARN__DUPLICATE_METHOD_MATCH = YES;
				"CODE_SIGN_IDENTITY[sdk=iphoneos*]" = "iPhone Developer";
				COPY_PHASE_STRIP = NO;
				DEBUG_INFORMATION_FORMAT = dwarf;
				ENABLE_STRICT_OBJC_MSGSEND = YES;
				ENABLE_TESTABILITY = YES;
				GCC_C_LANGUAGE_STANDARD = gnu99;
				GCC_DYNAMIC_NO_PIC = NO;
				GCC_NO_COMMON_BLOCKS = YES;
				GCC_OPTIMIZATION_LEVEL = 0;
				GCC_PREPROCESSOR_DEFINITIONS = (
					"DEBUG=1",
					"$(inherited)",
				);
				GCC_WARN_64_TO_32_BIT_CONVERSION = YES;
				GCC_WARN_ABOUT_RETURN_TYPE = YES_ERROR;
				GCC_WARN_UNDECLARED_SELECTOR = YES;
				GCC_WARN_UNINITIALIZED_AUTOS = YES_AGGRESSIVE;
				GCC_WARN_UNUSED_FUNCTION = YES;
				GCC_WARN_UNUSED_VARIABLE = YES;
				IPHONEOS_DEPLOYMENT_TARGET = 9.2;
				MTL_ENABLE_DEBUG_INFO = YES;
				ONLY_ACTIVE_ARCH = YES;
				SDKROOT = iphoneos;
				SWIFT_OPTIMIZATION_LEVEL = "-Onone";
			};
			name = Debug;
		};
		368FB01E1C47EBB600F37B6F /* Release */ = {
			isa = XCBuildConfiguration;
			buildSettings = {
				ALWAYS_SEARCH_USER_PATHS = NO;
				CLANG_CXX_LANGUAGE_STANDARD = "gnu++0x";
				CLANG_CXX_LIBRARY = "libc++";
				CLANG_ENABLE_MODULES = YES;
				CLANG_ENABLE_OBJC_ARC = YES;
				CLANG_WARN_BOOL_CONVERSION = YES;
				CLANG_WARN_CONSTANT_CONVERSION = YES;
				CLANG_WARN_DIRECT_OBJC_ISA_USAGE = YES_ERROR;
				CLANG_WARN_EMPTY_BODY = YES;
				CLANG_WARN_ENUM_CONVERSION = YES;
				CLANG_WARN_INT_CONVERSION = YES;
				CLANG_WARN_OBJC_ROOT_CLASS = YES_ERROR;
				CLANG_WARN_UNREACHABLE_CODE = YES;
				CLANG_WARN__DUPLICATE_METHOD_MATCH = YES;
				"CODE_SIGN_IDENTITY[sdk=iphoneos*]" = "iPhone Developer";
				COPY_PHASE_STRIP = NO;
				DEBUG_INFORMATION_FORMAT = "dwarf-with-dsym";
				ENABLE_NS_ASSERTIONS = NO;
				ENABLE_STRICT_OBJC_MSGSEND = YES;
				GCC_C_LANGUAGE_STANDARD = gnu99;
				GCC_NO_COMMON_BLOCKS = YES;
				GCC_WARN_64_TO_32_BIT_CONVERSION = YES;
				GCC_WARN_ABOUT_RETURN_TYPE = YES_ERROR;
				GCC_WARN_UNDECLARED_SELECTOR = YES;
				GCC_WARN_UNINITIALIZED_AUTOS = YES_AGGRESSIVE;
				GCC_WARN_UNUSED_FUNCTION = YES;
				GCC_WARN_UNUSED_VARIABLE = YES;
				IPHONEOS_DEPLOYMENT_TARGET = 9.2;
				MTL_ENABLE_DEBUG_INFO = NO;
				SDKROOT = iphoneos;
				VALIDATE_PRODUCT = YES;
			};
			name = Release;
		};
		368FB0201C47EBB600F37B6F /* Debug */ = {
			isa = XCBuildConfiguration;
			buildSettings = {
				ASSETCATALOG_COMPILER_APPICON_NAME = AppIcon;
				CLANG_ENABLE_MODULES = YES;
				INFOPLIST_FILE = NotificationBannerView/Info.plist;
				LD_RUNPATH_SEARCH_PATHS = "$(inherited) @executable_path/Frameworks";
				PRODUCT_BUNDLE_IDENTIFIER = me.kentarou.NotificationBannerView;
				PRODUCT_NAME = "$(TARGET_NAME)";
				SWIFT_OBJC_BRIDGING_HEADER = "NotificationBannerView/NotificationBannerView-Bridging-Header.h";
				SWIFT_OPTIMIZATION_LEVEL = "-Onone";
			};
			name = Debug;
		};
		368FB0211C47EBB600F37B6F /* Release */ = {
			isa = XCBuildConfiguration;
			buildSettings = {
				ASSETCATALOG_COMPILER_APPICON_NAME = AppIcon;
				CLANG_ENABLE_MODULES = YES;
				INFOPLIST_FILE = NotificationBannerView/Info.plist;
				LD_RUNPATH_SEARCH_PATHS = "$(inherited) @executable_path/Frameworks";
				PRODUCT_BUNDLE_IDENTIFIER = me.kentarou.NotificationBannerView;
				PRODUCT_NAME = "$(TARGET_NAME)";
				SWIFT_OBJC_BRIDGING_HEADER = "NotificationBannerView/NotificationBannerView-Bridging-Header.h";
			};
			name = Release;
		};
/* End XCBuildConfiguration section */

/* Begin XCConfigurationList section */
		368FB0081C47EBB500F37B6F /* Build configuration list for PBXProject "NotificationBannerView" */ = {
			isa = XCConfigurationList;
			buildConfigurations = (
				368FB01D1C47EBB600F37B6F /* Debug */,
				368FB01E1C47EBB600F37B6F /* Release */,
			);
			defaultConfigurationIsVisible = 0;
			defaultConfigurationName = Release;
		};
		368FB01F1C47EBB600F37B6F /* Build configuration list for PBXNativeTarget "NotificationBannerView" */ = {
			isa = XCConfigurationList;
			buildConfigurations = (
				368FB0201C47EBB600F37B6F /* Debug */,
				368FB0211C47EBB600F37B6F /* Release */,
			);
			defaultConfigurationIsVisible = 0;
		};
/* End XCConfigurationList section */
	};
	rootObject = 368FB0051C47EBB500F37B6F /* Project object */;
}
